
Microsoft Visual Studio Solution File, Format Version 12.00
# Visual Studio Version 16
VisualStudioVersion = 16.0.28729.10
MinimumVisualStudioVersion = 10.0.40219.1
Project("{FAE04EC0-301F-11D3-BF4B-00C04F79EFBC}") = "Antivirus", "Antivirus\Antivirus.csproj", "{1EFCDA85-B14D-48A1-8D2B-C6E6B2E40B33}"
EndProject
Project("{FAE04EC0-301F-11D3-BF4B-00C04F79EFBC}") = "AntivirusLibrary", "AntivirusLibrary\AntivirusLibrary.csproj", "{36287770-3583-4396-B51E-2952E9A6F480}"
EndProject
Global
	GlobalSection(SolutionConfigurationPlatforms) = preSolution
		Debug|Any CPU = Debug|Any CPU
		Release|Any CPU = Release|Any CPU
	EndGlobalSection
	GlobalSection(ProjectConfigurationPlatforms) = postSolution
		{1EFCDA85-B14D-48A1-8D2B-C6E6B2E40B33}.Debug|Any CPU.ActiveCfg = Debug|Any CPU
		{1EFCDA85-B14D-48A1-8D2B-C6E6B2E40B33}.Debug|Any CPU.Build.0 = Debug|Any CPU
		{1EFCDA85-B14D-48A1-8D2B-C6E6B2E40B33}.Release|Any CPU.ActiveCfg = Release|Any CPU
		{1EFCDA85-B14D-48A1-8D2B-C6E6B2E40B33}.Release|Any CPU.Build.0 = Release|Any CPU
		{36287770-3583-4396-B51E-2952E9A6F480}.Debug|Any CPU.ActiveCfg = Debug|Any CPU
		{36287770-3583-4396-B51E-2952E9A6F480}.Debug|Any CPU.Build.0 = Debug|Any CPU
		{36287770-3583-4396-B51E-2952E9A6F480}.Release|Any CPU.ActiveCfg = Release|Any CPU
		{36287770-3583-4396-B51E-2952E9A6F480}.Release|Any CPU.Build.0 = Release|Any CPU
	EndGlobalSection
	GlobalSection(SolutionProperties) = preSolution
		HideSolutionNode = FALSE
	EndGlobalSection
	GlobalSection(ExtensibilityGlobals) = postSolution
		SolutionGuid = {EF767B69-88A1-4FA7-8E0C-797D82B0F7D4}
	EndGlobalSection
EndGlobal
